{
  "name": "rapidle_ssl_checker",
  "lockfileVersion": 2,
  "requires": true,
  "packages": {
    "": {
      "dependencies": {
        "ssl-checker": "^2.0.7"
      }
    },
    "node_modules/ssl-checker": {
      "version": "2.0.7",
      "resolved": "https://registry.npmjs.org/ssl-checker/-/ssl-checker-2.0.7.tgz",
      "integrity": "sha512-/fc379/SD4Ov5zWM2heUAZIHTijW45tD33BPCXU+FLhP4TGD8LHm5HbMYqvy/Hwzxv3RmXXqxC8ahlv0rKv0MA=="
    }
  },
  "dependencies": {
    "ssl-checker": {
      "version": "2.0.7",
      "resolved": "https://registry.npmjs.org/ssl-checker/-/ssl-checker-2.0.7.tgz",
      "integrity": "sha512-/fc379/SD4Ov5zWM2heUAZIHTijW45tD33BPCXU+FLhP4TGD8LHm5HbMYqvy/Hwzxv3RmXXqxC8ahlv0rKv0MA=="
    }
  }
}
